
Microsoft Visual Studio Solution File, Format Version 12.00
# Visual Studio 14
VisualStudioVersion = 14.0.24720.0
MinimumVisualStudioVersion = 10.0.40219.1
Project("{FAE04EC0-301F-11D3-BF4B-00C04F79EFBC}") = "2_Delegates", "2_Delegates\2_Delegates.csproj", "{9BD4D333-3611-458F-A084-0D1576B26ABE}"
EndProject
Global
	GlobalSection(SolutionConfigurationPlatforms) = preSolution
		Debug|Any CPU = Debug|Any CPU
		Release|Any CPU = Release|Any CPU
	EndGlobalSection
	GlobalSection(ProjectConfigurationPlatforms) = postSolution
		{9BD4D333-3611-458F-A084-0D1576B26ABE}.Debug|Any CPU.ActiveCfg = Debug|Any CPU
		{9BD4D333-3611-458F-A084-0D1576B26ABE}.Debug|Any CPU.Build.0 = Debug|Any CPU
		{9BD4D333-3611-458F-A084-0D1576B26ABE}.Release|Any CPU.ActiveCfg = Release|Any CPU
		{9BD4D333-3611-458F-A084-0D1576B26ABE}.Release|Any CPU.Build.0 = Release|Any CPU
	EndGlobalSection
	GlobalSection(SolutionProperties) = preSolution
		HideSolutionNode = FALSE
	EndGlobalSection
EndGlobal
